
Microsoft Visual Studio Solution File, Format Version 12.00
# Visual Studio Version 17
VisualStudioVersion = 17.4.33213.308
MinimumVisualStudioVersion = 10.0.40219.1
Project("{FAE04EC0-301F-11D3-BF4B-00C04F79EFBC}") = "Ekobit.Ekoship.SmartHome.WebAPI", "Ekobit.Ekoship.SmartHome.WebAPI\Ekobit.Ekoship.SmartHome.WebAPI.csproj", "{5BCBD289-99EB-4E17-956C-48A857848046}"
EndProject
Global
	GlobalSection(SolutionConfigurationPlatforms) = preSolution
		Debug|Any CPU = Debug|Any CPU
		Release|Any CPU = Release|Any CPU
	EndGlobalSection
	GlobalSection(ProjectConfigurationPlatforms) = postSolution
		{5BCBD289-99EB-4E17-956C-48A857848046}.Debug|Any CPU.ActiveCfg = Debug|Any CPU
		{5BCBD289-99EB-4E17-956C-48A857848046}.Debug|Any CPU.Build.0 = Debug|Any CPU
		{5BCBD289-99EB-4E17-956C-48A857848046}.Release|Any CPU.ActiveCfg = Release|Any CPU
		{5BCBD289-99EB-4E17-956C-48A857848046}.Release|Any CPU.Build.0 = Release|Any CPU
	EndGlobalSection
	GlobalSection(SolutionProperties) = preSolution
		HideSolutionNode = FALSE
	EndGlobalSection
	GlobalSection(ExtensibilityGlobals) = postSolution
		SolutionGuid = {FA5B5CE7-81FB-4605-BE2B-2481BA69280A}
	EndGlobalSection
EndGlobal
